{
  "name": "MyPersonalSite",
  "lockfileVersion": 2,
  "requires": true,
  "packages": {
    "": {
      "dependencies": {
        "snyk": "^1.1061.0"
      }
    },
    "node_modules/snyk": {
      "version": "1.1061.0",
      "resolved": "https://registry.npmjs.org/snyk/-/snyk-1.1061.0.tgz",
      "integrity": "sha512-kPy4Wi/Nt3zIzm+D3H1OX0lWrHm7L7jWSp7HJeZQ9udqPk5KaLLwszWxZXvw3p6RGvafR+O3Hlb7z+RY4DMi4w==",
      "bin": {
        "snyk": "bin/snyk"
      },
      "engines": {
        "node": ">=12"
      }
    }
  },
  "dependencies": {
    "snyk": {
      "version": "1.1061.0",
      "resolved": "https://registry.npmjs.org/snyk/-/snyk-1.1061.0.tgz",
      "integrity": "sha512-kPy4Wi/Nt3zIzm+D3H1OX0lWrHm7L7jWSp7HJeZQ9udqPk5KaLLwszWxZXvw3p6RGvafR+O3Hlb7z+RY4DMi4w=="
    }
  }
}
